
Microsoft Visual Studio Solution File, Format Version 12.00
# Visual Studio Version 17
VisualStudioVersion = 17.14.36221.1 d17.14
MinimumVisualStudioVersion = 10.0.40219.1
Project("{9A19103F-16F7-4668-BE54-9A1E7A4F7556}") = "RetroOfTheWeekAPI", "RetroOfTheWeek\RetroOfTheWeekAPI.csproj", "{2D792F92-9E93-4860-A311-14497CBDDEA1}"
EndProject
Project("{FAE04EC0-301F-11D3-BF4B-00C04F79EFBC}") = "RetroOfTheWeekAPITests", "RetroOfTheWeekTests\RetroOfTheWeekAPITests.csproj", "{6D79EBC7-1974-40E3-8AF2-D1E217A9C5A6}"
EndProject
Project("{FAE04EC0-301F-11D3-BF4B-00C04F79EFBC}") = "RetroOfTheWeekFrontEnd", "RetroOfTheWeekFrontEnd\RetroOfTheWeekFrontEnd.csproj", "{9A1DAFE6-FB57-4BE2-B309-C273470DF491}"
EndProject
Project("{FAE04EC0-301F-11D3-BF4B-00C04F79EFBC}") = "RetroOfTheWeekShared", "RetroOfTheWeekShared\RetroOfTheWeekShared.csproj", "{D545A206-BB30-4C43-A4EA-1775EE5D1E4B}"
EndProject
Global
	GlobalSection(SolutionConfigurationPlatforms) = preSolution
		Debug|Any CPU = Debug|Any CPU
		Release|Any CPU = Release|Any CPU
	EndGlobalSection
	GlobalSection(ProjectConfigurationPlatforms) = postSolution
		{2D792F92-9E93-4860-A311-14497CBDDEA1}.Debug|Any CPU.ActiveCfg = Debug|Any CPU
		{2D792F92-9E93-4860-A311-14497CBDDEA1}.Debug|Any CPU.Build.0 = Debug|Any CPU
		{2D792F92-9E93-4860-A311-14497CBDDEA1}.Release|Any CPU.ActiveCfg = Release|Any CPU
		{2D792F92-9E93-4860-A311-14497CBDDEA1}.Release|Any CPU.Build.0 = Release|Any CPU
		{6D79EBC7-1974-40E3-8AF2-D1E217A9C5A6}.Debug|Any CPU.ActiveCfg = Debug|Any CPU
		{6D79EBC7-1974-40E3-8AF2-D1E217A9C5A6}.Debug|Any CPU.Build.0 = Debug|Any CPU
		{6D79EBC7-1974-40E3-8AF2-D1E217A9C5A6}.Release|Any CPU.ActiveCfg = Release|Any CPU
		{6D79EBC7-1974-40E3-8AF2-D1E217A9C5A6}.Release|Any CPU.Build.0 = Release|Any CPU
		{9A1DAFE6-FB57-4BE2-B309-C273470DF491}.Debug|Any CPU.ActiveCfg = Debug|Any CPU
		{9A1DAFE6-FB57-4BE2-B309-C273470DF491}.Debug|Any CPU.Build.0 = Debug|Any CPU
		{9A1DAFE6-FB57-4BE2-B309-C273470DF491}.Release|Any CPU.ActiveCfg = Release|Any CPU
		{9A1DAFE6-FB57-4BE2-B309-C273470DF491}.Release|Any CPU.Build.0 = Release|Any CPU
		{D545A206-BB30-4C43-A4EA-1775EE5D1E4B}.Debug|Any CPU.ActiveCfg = Debug|Any CPU
		{D545A206-BB30-4C43-A4EA-1775EE5D1E4B}.Debug|Any CPU.Build.0 = Debug|Any CPU
		{D545A206-BB30-4C43-A4EA-1775EE5D1E4B}.Release|Any CPU.ActiveCfg = Release|Any CPU
		{D545A206-BB30-4C43-A4EA-1775EE5D1E4B}.Release|Any CPU.Build.0 = Release|Any CPU
	EndGlobalSection
	GlobalSection(SolutionProperties) = preSolution
		HideSolutionNode = FALSE
	EndGlobalSection
	GlobalSection(ExtensibilityGlobals) = postSolution
		SolutionGuid = {2BC61707-424C-4C09-A8AD-5C6FBBA40CEA}
	EndGlobalSection
EndGlobal
