
Microsoft Visual Studio Solution File, Format Version 12.00
# Visual Studio Version 16
VisualStudioVersion = 16.0.31313.79
MinimumVisualStudioVersion = 10.0.40219.1
Project("{FAE04EC0-301F-11D3-BF4B-00C04F79EFBC}") = "RetroOfTheWeek", "RetroOfTheWeek\RetroOfTheWeek.csproj", "{2D792F92-9E93-4860-A311-14497CBDDEA1}"
EndProject
Global
	GlobalSection(SolutionConfigurationPlatforms) = preSolution
		Debug|Any CPU = Debug|Any CPU
		Release|Any CPU = Release|Any CPU
	EndGlobalSection
	GlobalSection(ProjectConfigurationPlatforms) = postSolution
		{2D792F92-9E93-4860-A311-14497CBDDEA1}.Debug|Any CPU.ActiveCfg = Debug|Any CPU
		{2D792F92-9E93-4860-A311-14497CBDDEA1}.Debug|Any CPU.Build.0 = Debug|Any CPU
		{2D792F92-9E93-4860-A311-14497CBDDEA1}.Release|Any CPU.ActiveCfg = Release|Any CPU
		{2D792F92-9E93-4860-A311-14497CBDDEA1}.Release|Any CPU.Build.0 = Release|Any CPU
	EndGlobalSection
	GlobalSection(SolutionProperties) = preSolution
		HideSolutionNode = FALSE
	EndGlobalSection
	GlobalSection(ExtensibilityGlobals) = postSolution
		SolutionGuid = {2BC61707-424C-4C09-A8AD-5C6FBBA40CEA}
	EndGlobalSection
EndGlobal
